
Microsoft Visual Studio Solution File, Format Version 12.00
# Visual Studio 15
VisualStudioVersion = 15.0.28010.2003
MinimumVisualStudioVersion = 10.0.40219.1
Project("{FAE04EC0-301F-11D3-BF4B-00C04F79EFBC}") = "FactorialFinder", "FactorialFinder\FactorialFinder.csproj", "{C5D09044-5EDA-49F5-879D-10FE42835F37}"
EndProject
Global
	GlobalSection(SolutionConfigurationPlatforms) = preSolution
		Debug|Any CPU = Debug|Any CPU
		Release|Any CPU = Release|Any CPU
	EndGlobalSection
	GlobalSection(ProjectConfigurationPlatforms) = postSolution
		{C5D09044-5EDA-49F5-879D-10FE42835F37}.Debug|Any CPU.ActiveCfg = Debug|Any CPU
		{C5D09044-5EDA-49F5-879D-10FE42835F37}.Debug|Any CPU.Build.0 = Debug|Any CPU
		{C5D09044-5EDA-49F5-879D-10FE42835F37}.Release|Any CPU.ActiveCfg = Release|Any CPU
		{C5D09044-5EDA-49F5-879D-10FE42835F37}.Release|Any CPU.Build.0 = Release|Any CPU
	EndGlobalSection
	GlobalSection(SolutionProperties) = preSolution
		HideSolutionNode = FALSE
	EndGlobalSection
	GlobalSection(ExtensibilityGlobals) = postSolution
		SolutionGuid = {4DEE2E98-46BB-431A-BCD9-09BE4225285E}
	EndGlobalSection
EndGlobal
